// !$*UTF8*$!
{
	archiveVersion = 1;
	classes = {
	};
	objectVersion = 50;
	objects = {

/* Begin PBXBuildFile section */
		D8861A4326F7F16300B14A7E /* SceneDelegate.swift in Sources */ = {isa = PBXBuildFile; fileRef = D8861A4226F7F16300B14A7E /* SceneDelegate.swift */; };
		D8861A5726F7F27100B14A7E /* AppDelegate.swift in Sources */ = {isa = PBXBuildFile; fileRef = D8861A5626F7F27100B14A7E /* AppDelegate.swift */; };
		D8861A5926F7F28C00B14A7E /* Assets.xcassets in Resources */ = {isa = PBXBuildFile; fileRef = D8861A5826F7F28C00B14A7E /* Assets.xcassets */; };
		D8C9908C26F93EB500A41B70 /* MainViewController.swift in Sources */ = {isa = PBXBuildFile; fileRef = D8C9908B26F93EB500A41B70 /* MainViewController.swift */; };
		D8C9909026F93F7300A41B70 /* LaunchScreen.storyboard in Resources */ = {isa = PBXBuildFile; fileRef = D8C9908E26F93F7300A41B70 /* LaunchScreen.storyboard */; };
		D8C9909926F93FE800A41B70 /* SettingsViewController.swift in Sources */ = {isa = PBXBuildFile; fileRef = D8C9909326F93FE800A41B70 /* SettingsViewController.swift */; };
		D8C9909A26F93FE800A41B70 /* StatisticsViewController.swift in Sources */ = {isa = PBXBuildFile; fileRef = D8C9909426F93FE800A41B70 /* StatisticsViewController.swift */; };
		D8C9909B26F93FE800A41B70 /* PointsViewController.swift in Sources */ = {isa = PBXBuildFile; fileRef = D8C9909526F93FE800A41B70 /* PointsViewController.swift */; };
		D8C9909C26F93FE800A41B70 /* HomeViewController.swift in Sources */ = {isa = PBXBuildFile; fileRef = D8C9909626F93FE800A41B70 /* HomeViewController.swift */; };
		D8C9909D26F93FE800A41B70 /* FixtureViewController.swift in Sources */ = {isa = PBXBuildFile; fileRef = D8C9909726F93FE800A41B70 /* FixtureViewController.swift */; };
		D8C9909E26F93FE800A41B70 /* RankingViewController.swift in Sources */ = {isa = PBXBuildFile; fileRef = D8C9909826F93FE800A41B70 /* RankingViewController.swift */; };
		D8C990A126F9407A00A41B70 /* SideMenuModel.swift in Sources */ = {isa = PBXBuildFile; fileRef = D8C9909F26F9407A00A41B70 /* SideMenuModel.swift */; };
		D8C990A226F9407A00A41B70 /* SideMenuViewController.swift in Sources */ = {isa = PBXBuildFile; fileRef = D8C990A026F9407A00A41B70 /* SideMenuViewController.swift */; };
		D8C990A626F9409700A41B70 /* SideMenuCell.swift in Sources */ = {isa = PBXBuildFile; fileRef = D8C990A426F9409700A41B70 /* SideMenuCell.swift */; };
		D8C990A726F9409700A41B70 /* SideMenuCell.xib in Resources */ = {isa = PBXBuildFile; fileRef = D8C990A526F9409700A41B70 /* SideMenuCell.xib */; };
		D8C990AB26F943B000A41B70 /* Main.storyboard in Resources */ = {isa = PBXBuildFile; fileRef = D8C990AA26F943B000A41B70 /* Main.storyboard */; };
/* End PBXBuildFile section */

/* Begin PBXFileReference section */
		D8861A3D26F7F16300B14A7E /* YourFantasyLeague.app */ = {isa = PBXFileReference; explicitFileType = wrapper.application; includeInIndex = 0; path = YourFantasyLeague.app; sourceTree = BUILT_PRODUCTS_DIR; };
		D8861A4226F7F16300B14A7E /* SceneDelegate.swift */ = {isa = PBXFileReference; lastKnownFileType = sourcecode.swift; path = SceneDelegate.swift; sourceTree = "<group>"; };
		D8861A5626F7F27100B14A7E /* AppDelegate.swift */ = {isa = PBXFileReference; fileEncoding = 4; lastKnownFileType = sourcecode.swift; path = AppDelegate.swift; sourceTree = "<group>"; };
		D8861A5826F7F28C00B14A7E /* Assets.xcassets */ = {isa = PBXFileReference; lastKnownFileType = folder.assetcatalog; path = Assets.xcassets; sourceTree = "<group>"; };
		D8861A5C26F7F2D500B14A7E /* Info.plist */ = {isa = PBXFileReference; fileEncoding = 4; lastKnownFileType = text.plist.xml; path = Info.plist; sourceTree = "<group>"; };
		D8861A6926F7F41F00B14A7E /* project.xcworkspace */ = {isa = PBXFileReference; lastKnownFileType = wrapper.workspace; name = project.xcworkspace; path = YourFantasyLeague.xcodeproj/project.xcworkspace; sourceTree = "<group>"; };
		D8C9908B26F93EB500A41B70 /* MainViewController.swift */ = {isa = PBXFileReference; fileEncoding = 4; lastKnownFileType = sourcecode.swift; path = MainViewController.swift; sourceTree = "<group>"; };
		D8C9908E26F93F7300A41B70 /* LaunchScreen.storyboard */ = {isa = PBXFileReference; fileEncoding = 4; lastKnownFileType = file.storyboard; path = LaunchScreen.storyboard; sourceTree = "<group>"; };
		D8C9909326F93FE800A41B70 /* SettingsViewController.swift */ = {isa = PBXFileReference; fileEncoding = 4; lastKnownFileType = sourcecode.swift; path = SettingsViewController.swift; sourceTree = "<group>"; };
		D8C9909426F93FE800A41B70 /* StatisticsViewController.swift */ = {isa = PBXFileReference; fileEncoding = 4; lastKnownFileType = sourcecode.swift; path = StatisticsViewController.swift; sourceTree = "<group>"; };
		D8C9909526F93FE800A41B70 /* PointsViewController.swift */ = {isa = PBXFileReference; fileEncoding = 4; lastKnownFileType = sourcecode.swift; path = PointsViewController.swift; sourceTree = "<group>"; };
		D8C9909626F93FE800A41B70 /* HomeViewController.swift */ = {isa = PBXFileReference; fileEncoding = 4; lastKnownFileType = sourcecode.swift; path = HomeViewController.swift; sourceTree = "<group>"; };
		D8C9909726F93FE800A41B70 /* FixtureViewController.swift */ = {isa = PBXFileReference; fileEncoding = 4; lastKnownFileType = sourcecode.swift; path = FixtureViewController.swift; sourceTree = "<group>"; };
		D8C9909826F93FE800A41B70 /* RankingViewController.swift */ = {isa = PBXFileReference; fileEncoding = 4; lastKnownFileType = sourcecode.swift; path = RankingViewController.swift; sourceTree = "<group>"; };
		D8C9909F26F9407A00A41B70 /* SideMenuModel.swift */ = {isa = PBXFileReference; fileEncoding = 4; lastKnownFileType = sourcecode.swift; path = SideMenuModel.swift; sourceTree = "<group>"; };
		D8C990A026F9407A00A41B70 /* SideMenuViewController.swift */ = {isa = PBXFileReference; fileEncoding = 4; lastKnownFileType = sourcecode.swift; path = SideMenuViewController.swift; sourceTree = "<group>"; };
		D8C990A426F9409700A41B70 /* SideMenuCell.swift */ = {isa = PBXFileReference; fileEncoding = 4; lastKnownFileType = sourcecode.swift; path = SideMenuCell.swift; sourceTree = "<group>"; };
		D8C990A526F9409700A41B70 /* SideMenuCell.xib */ = {isa = PBXFileReference; fileEncoding = 4; lastKnownFileType = file.xib; path = SideMenuCell.xib; sourceTree = "<group>"; };
		D8C990AA26F943B000A41B70 /* Main.storyboard */ = {isa = PBXFileReference; fileEncoding = 4; lastKnownFileType = file.storyboard; path = Main.storyboard; sourceTree = "<group>"; };
/* End PBXFileReference section */

/* Begin PBXFrameworksBuildPhase section */
		D8861A3A26F7F16300B14A7E /* Frameworks */ = {
			isa = PBXFrameworksBuildPhase;
			buildActionMask = 2147483647;
			files = (
			);
			runOnlyForDeploymentPostprocessing = 0;
		};
/* End PBXFrameworksBuildPhase section */

/* Begin PBXGroup section */
		D8861A3426F7F16300B14A7E = {
			isa = PBXGroup;
			children = (
				D8861A6926F7F41F00B14A7E /* project.xcworkspace */,
				D8861A3F26F7F16300B14A7E /* YourFantasyLeague */,
				D8861A3E26F7F16300B14A7E /* Products */,
			);
			sourceTree = "<group>";
		};
		D8861A3E26F7F16300B14A7E /* Products */ = {
			isa = PBXGroup;
			children = (
				D8861A3D26F7F16300B14A7E /* YourFantasyLeague.app */,
			);
			name = Products;
			sourceTree = "<group>";
		};
		D8861A3F26F7F16300B14A7E /* YourFantasyLeague */ = {
			isa = PBXGroup;
			children = (
				D8C990AA26F943B000A41B70 /* Main.storyboard */,
				D8C9909226F93FD300A41B70 /* Views */,
				D8C9909126F93FC400A41B70 /* SideMenu */,
				D8C9908E26F93F7300A41B70 /* LaunchScreen.storyboard */,
				D8C9908B26F93EB500A41B70 /* MainViewController.swift */,
				D8861A5C26F7F2D500B14A7E /* Info.plist */,
				D8861A5826F7F28C00B14A7E /* Assets.xcassets */,
				D8861A5626F7F27100B14A7E /* AppDelegate.swift */,
				D8861A4226F7F16300B14A7E /* SceneDelegate.swift */,
			);
			path = YourFantasyLeague;
			sourceTree = "<group>";
		};
		D8C9909126F93FC400A41B70 /* SideMenu */ = {
			isa = PBXGroup;
			children = (
				D8C990A326F9408100A41B70 /* Cell */,
				D8C9909F26F9407A00A41B70 /* SideMenuModel.swift */,
				D8C990A026F9407A00A41B70 /* SideMenuViewController.swift */,
			);
			path = SideMenu;
			sourceTree = "<group>";
		};
		D8C9909226F93FD300A41B70 /* Views */ = {
			isa = PBXGroup;
			children = (
				D8C9909726F93FE800A41B70 /* FixtureViewController.swift */,
				D8C9909626F93FE800A41B70 /* HomeViewController.swift */,
				D8C9909526F93FE800A41B70 /* PointsViewController.swift */,
				D8C9909826F93FE800A41B70 /* RankingViewController.swift */,
				D8C9909326F93FE800A41B70 /* SettingsViewController.swift */,
				D8C9909426F93FE800A41B70 /* StatisticsViewController.swift */,
			);
			path = Views;
			sourceTree = "<group>";
		};
		D8C990A326F9408100A41B70 /* Cell */ = {
			isa = PBXGroup;
			children = (
				D8C990A426F9409700A41B70 /* SideMenuCell.swift */,
				D8C990A526F9409700A41B70 /* SideMenuCell.xib */,
			);
			path = Cell;
			sourceTree = "<group>";
		};
/* End PBXGroup section */

/* Begin PBXNativeTarget section */
		D8861A3C26F7F16300B14A7E /* YourFantasyLeague */ = {
			isa = PBXNativeTarget;
			buildConfigurationList = D8861A5126F7F16400B14A7E /* Build configuration list for PBXNativeTarget "YourFantasyLeague" */;
			buildPhases = (
				D8861A3926F7F16300B14A7E /* Sources */,
				D8861A3A26F7F16300B14A7E /* Frameworks */,
				D8861A3B26F7F16300B14A7E /* Resources */,
			);
			buildRules = (
			);
			dependencies = (
			);
			name = YourFantasyLeague;
			productName = YourFantasyLeague;
			productReference = D8861A3D26F7F16300B14A7E /* YourFantasyLeague.app */;
			productType = "com.apple.product-type.application";
		};
/* End PBXNativeTarget section */

/* Begin PBXProject section */
		D8861A3526F7F16300B14A7E /* Project object */ = {
			isa = PBXProject;
			attributes = {
				LastSwiftUpdateCheck = 1250;
				LastUpgradeCheck = 1250;
				TargetAttributes = {
					D8861A3C26F7F16300B14A7E = {
						CreatedOnToolsVersion = 12.5.1;
					};
				};
			};
			buildConfigurationList = D8861A3826F7F16300B14A7E /* Build configuration list for PBXProject "YourFantasyLeague" */;
			compatibilityVersion = "Xcode 9.3";
			developmentRegion = en;
			hasScannedForEncodings = 0;
			knownRegions = (
				en,
				Base,
			);
			mainGroup = D8861A3426F7F16300B14A7E;
			productRefGroup = D8861A3E26F7F16300B14A7E /* Products */;
			projectDirPath = "";
			projectRoot = "";
			targets = (
				D8861A3C26F7F16300B14A7E /* YourFantasyLeague */,
			);
		};
/* End PBXProject section */

/* Begin PBXResourcesBuildPhase section */
		D8861A3B26F7F16300B14A7E /* Resources */ = {
			isa = PBXResourcesBuildPhase;
			buildActionMask = 2147483647;
			files = (
				D8C9909026F93F7300A41B70 /* LaunchScreen.storyboard in Resources */,
				D8861A5926F7F28C00B14A7E /* Assets.xcassets in Resources */,
				D8C990A726F9409700A41B70 /* SideMenuCell.xib in Resources */,
				D8C990AB26F943B000A41B70 /* Main.storyboard in Resources */,
			);
			runOnlyForDeploymentPostprocessing = 0;
		};
/* End PBXResourcesBuildPhase section */

/* Begin PBXSourcesBuildPhase section */
		D8861A3926F7F16300B14A7E /* Sources */ = {
			isa = PBXSourcesBuildPhase;
			buildActionMask = 2147483647;
			files = (
				D8861A5726F7F27100B14A7E /* AppDelegate.swift in Sources */,
				D8C9909B26F93FE800A41B70 /* PointsViewController.swift in Sources */,
				D8C9909A26F93FE800A41B70 /* StatisticsViewController.swift in Sources */,
				D8861A4326F7F16300B14A7E /* SceneDelegate.swift in Sources */,
				D8C990A226F9407A00A41B70 /* SideMenuViewController.swift in Sources */,
				D8C9909D26F93FE800A41B70 /* FixtureViewController.swift in Sources */,
				D8C9908C26F93EB500A41B70 /* MainViewController.swift in Sources */,
				D8C9909C26F93FE800A41B70 /* HomeViewController.swift in Sources */,
				D8C9909926F93FE800A41B70 /* SettingsViewController.swift in Sources */,
				D8C9909E26F93FE800A41B70 /* RankingViewController.swift in Sources */,
				D8C990A126F9407A00A41B70 /* SideMenuModel.swift in Sources */,
				D8C990A626F9409700A41B70 /* SideMenuCell.swift in Sources */,
			);
			runOnlyForDeploymentPostprocessing = 0;
		};
/* End PBXSourcesBuildPhase section */

/* Begin XCBuildConfiguration section */
		D8861A4F26F7F16400B14A7E /* Debug */ = {
			isa = XCBuildConfiguration;
			buildSettings = {
				ALWAYS_SEARCH_USER_PATHS = NO;
				CLANG_ANALYZER_NONNULL = YES;
				CLANG_ANALYZER_NUMBER_OBJECT_CONVERSION = YES_AGGRESSIVE;
				CLANG_CXX_LANGUAGE_STANDARD = "gnu++14";
				CLANG_CXX_LIBRARY = "libc++";
				CLANG_ENABLE_MODULES = YES;
				CLANG_ENABLE_OBJC_ARC = YES;
				CLANG_ENABLE_OBJC_WEAK = YES;
				CLANG_WARN_BLOCK_CAPTURE_AUTORELEASING = YES;
				CLANG_WARN_BOOL_CONVERSION = YES;
				CLANG_WARN_COMMA = YES;
				CLANG_WARN_CONSTANT_CONVERSION = YES;
				CLANG_WARN_DEPRECATED_OBJC_IMPLEMENTATIONS = YES;
				CLANG_WARN_DIRECT_OBJC_ISA_USAGE = YES_ERROR;
				CLANG_WARN_DOCUMENTATION_COMMENTS = YES;
				CLANG_WARN_EMPTY_BODY = YES;
				CLANG_WARN_ENUM_CONVERSION = YES;
				CLANG_WARN_INFINITE_RECURSION = YES;
				CLANG_WARN_INT_CONVERSION = YES;
				CLANG_WARN_NON_LITERAL_NULL_CONVERSION = YES;
				CLANG_WARN_OBJC_IMPLICIT_RETAIN_SELF = YES;
				CLANG_WARN_OBJC_LITERAL_CONVERSION = YES;
				CLANG_WARN_OBJC_ROOT_CLASS = YES_ERROR;
				CLANG_WARN_QUOTED_INCLUDE_IN_FRAMEWORK_HEADER = YES;
				CLANG_WARN_RANGE_LOOP_ANALYSIS = YES;
				CLANG_WARN_STRICT_PROTOTYPES = YES;
				CLANG_WARN_SUSPICIOUS_MOVE = YES;
				CLANG_WARN_UNGUARDED_AVAILABILITY = YES_AGGRESSIVE;
				CLANG_WARN_UNREACHABLE_CODE = YES;
				CLANG_WARN__DUPLICATE_METHOD_MATCH = YES;
				COPY_PHASE_STRIP = NO;
				DEBUG_INFORMATION_FORMAT = dwarf;
				ENABLE_STRICT_OBJC_MSGSEND = YES;
				ENABLE_TESTABILITY = YES;
				GCC_C_LANGUAGE_STANDARD = gnu11;
				GCC_DYNAMIC_NO_PIC = NO;
				GCC_NO_COMMON_BLOCKS = YES;
				GCC_OPTIMIZATION_LEVEL = 0;
				GCC_PREPROCESSOR_DEFINITIONS = (
					"DEBUG=1",
					"$(inherited)",
				);
				GCC_WARN_64_TO_32_BIT_CONVERSION = YES;
				GCC_WARN_ABOUT_RETURN_TYPE = YES_ERROR;
				GCC_WARN_UNDECLARED_SELECTOR = YES;
				GCC_WARN_UNINITIALIZED_AUTOS = YES_AGGRESSIVE;
				GCC_WARN_UNUSED_FUNCTION = YES;
				GCC_WARN_UNUSED_VARIABLE = YES;
				IPHONEOS_DEPLOYMENT_TARGET = 14.5;
				MTL_ENABLE_DEBUG_INFO = INCLUDE_SOURCE;
				MTL_FAST_MATH = YES;
				ONLY_ACTIVE_ARCH = YES;
				SDKROOT = iphoneos;
				SWIFT_ACTIVE_COMPILATION_CONDITIONS = DEBUG;
				SWIFT_OPTIMIZATION_LEVEL = "-Onone";
			};
			name = Debug;
		};
		D8861A5026F7F16400B14A7E /* Release */ = {
			isa = XCBuildConfiguration;
			buildSettings = {
				ALWAYS_SEARCH_USER_PATHS = NO;
				CLANG_ANALYZER_NONNULL = YES;
				CLANG_ANALYZER_NUMBER_OBJECT_CONVERSION = YES_AGGRESSIVE;
				CLANG_CXX_LANGUAGE_STANDARD = "gnu++14";
				CLANG_CXX_LIBRARY = "libc++";
				CLANG_ENABLE_MODULES = YES;
				CLANG_ENABLE_OBJC_ARC = YES;
				CLANG_ENABLE_OBJC_WEAK = YES;
				CLANG_WARN_BLOCK_CAPTURE_AUTORELEASING = YES;
				CLANG_WARN_BOOL_CONVERSION = YES;
				CLANG_WARN_COMMA = YES;
				CLANG_WARN_CONSTANT_CONVERSION = YES;
				CLANG_WARN_DEPRECATED_OBJC_IMPLEMENTATIONS = YES;
				CLANG_WARN_DIRECT_OBJC_ISA_USAGE = YES_ERROR;
				CLANG_WARN_DOCUMENTATION_COMMENTS = YES;
				CLANG_WARN_EMPTY_BODY = YES;
				CLANG_WARN_ENUM_CONVERSION = YES;
				CLANG_WARN_INFINITE_RECURSION = YES;
				CLANG_WARN_INT_CONVERSION = YES;
				CLANG_WARN_NON_LITERAL_NULL_CONVERSION = YES;
				CLANG_WARN_OBJC_IMPLICIT_RETAIN_SELF = YES;
				CLANG_WARN_OBJC_LITERAL_CONVERSION = YES;
				CLANG_WARN_OBJC_ROOT_CLASS = YES_ERROR;
				CLANG_WARN_QUOTED_INCLUDE_IN_FRAMEWORK_HEADER = YES;
				CLANG_WARN_RANGE_LOOP_ANALYSIS = YES;
				CLANG_WARN_STRICT_PROTOTYPES = YES;
				CLANG_WARN_SUSPICIOUS_MOVE = YES;
				CLANG_WARN_UNGUARDED_AVAILABILITY = YES_AGGRESSIVE;
				CLANG_WARN_UNREACHABLE_CODE = YES;
				CLANG_WARN__DUPLICATE_METHOD_MATCH = YES;
				COPY_PHASE_STRIP = NO;
				DEBUG_INFORMATION_FORMAT = "dwarf-with-dsym";
				ENABLE_NS_ASSERTIONS = NO;
				ENABLE_STRICT_OBJC_MSGSEND = YES;
				GCC_C_LANGUAGE_STANDARD = gnu11;
				GCC_NO_COMMON_BLOCKS = YES;
				GCC_WARN_64_TO_32_BIT_CONVERSION = YES;
				GCC_WARN_ABOUT_RETURN_TYPE = YES_ERROR;
				GCC_WARN_UNDECLARED_SELECTOR = YES;
				GCC_WARN_UNINITIALIZED_AUTOS = YES_AGGRESSIVE;
				GCC_WARN_UNUSED_FUNCTION = YES;
				GCC_WARN_UNUSED_VARIABLE = YES;
				IPHONEOS_DEPLOYMENT_TARGET = 14.5;
				MTL_ENABLE_DEBUG_INFO = NO;
				MTL_FAST_MATH = YES;
				SDKROOT = iphoneos;
				SWIFT_COMPILATION_MODE = wholemodule;
				SWIFT_OPTIMIZATION_LEVEL = "-O";
				VALIDATE_PRODUCT = YES;
			};
			name = Release;
		};
		D8861A5226F7F16400B14A7E /* Debug */ = {
			isa = XCBuildConfiguration;
			buildSettings = {
				ASSETCATALOG_COMPILER_APPICON_NAME = AppIcon;
				ASSETCATALOG_COMPILER_GLOBAL_ACCENT_COLOR_NAME = AccentColor;
				CODE_SIGN_STYLE = Automatic;
				DEVELOPMENT_TEAM = 74YM2DZLNH;
				INFOPLIST_FILE = YourFantasyLeague/Info.plist;
				LD_RUNPATH_SEARCH_PATHS = (
					"$(inherited)",
					"@executable_path/Frameworks",
				);
				PRODUCT_BUNDLE_IDENTIFIER = KamilDelekta.YourFantasyLeague;
				PRODUCT_NAME = "$(TARGET_NAME)";
				SWIFT_VERSION = 5.0;
				TARGETED_DEVICE_FAMILY = "1,2";
			};
			name = Debug;
		};
		D8861A5326F7F16400B14A7E /* Release */ = {
			isa = XCBuildConfiguration;
			buildSettings = {
				ASSETCATALOG_COMPILER_APPICON_NAME = AppIcon;
				ASSETCATALOG_COMPILER_GLOBAL_ACCENT_COLOR_NAME = AccentColor;
				CODE_SIGN_STYLE = Automatic;
				DEVELOPMENT_TEAM = 74YM2DZLNH;
				INFOPLIST_FILE = YourFantasyLeague/Info.plist;
				LD_RUNPATH_SEARCH_PATHS = (
					"$(inherited)",
					"@executable_path/Frameworks",
				);
				PRODUCT_BUNDLE_IDENTIFIER = KamilDelekta.YourFantasyLeague;
				PRODUCT_NAME = "$(TARGET_NAME)";
				SWIFT_VERSION = 5.0;
				TARGETED_DEVICE_FAMILY = "1,2";
			};
			name = Release;
		};
/* End XCBuildConfiguration section */

/* Begin XCConfigurationList section */
		D8861A3826F7F16300B14A7E /* Build configuration list for PBXProject "YourFantasyLeague" */ = {
			isa = XCConfigurationList;
			buildConfigurations = (
				D8861A4F26F7F16400B14A7E /* Debug */,
				D8861A5026F7F16400B14A7E /* Release */,
			);
			defaultConfigurationIsVisible = 0;
			defaultConfigurationName = Release;
		};
		D8861A5126F7F16400B14A7E /* Build configuration list for PBXNativeTarget "YourFantasyLeague" */ = {
			isa = XCConfigurationList;
			buildConfigurations = (
				D8861A5226F7F16400B14A7E /* Debug */,
				D8861A5326F7F16400B14A7E /* Release */,
			);
			defaultConfigurationIsVisible = 0;
			defaultConfigurationName = Release;
		};
/* End XCConfigurationList section */
	};
	rootObject = D8861A3526F7F16300B14A7E /* Project object */;
}
